
Microsoft Visual Studio Solution File, Format Version 12.00
# Visual Studio Version 17
VisualStudioVersion = 17.7.34031.279
MinimumVisualStudioVersion = 10.0.40219.1
Project("{FAE04EC0-301F-11D3-BF4B-00C04F79EFBC}") = "5.Working with Strings", "5.Working with Strings.csproj", "{89E07435-4FD2-4714-881D-6D3904ED9168}"
EndProject
Global
	GlobalSection(SolutionConfigurationPlatforms) = preSolution
		Debug|Any CPU = Debug|Any CPU
		Release|Any CPU = Release|Any CPU
	EndGlobalSection
	GlobalSection(ProjectConfigurationPlatforms) = postSolution
		{89E07435-4FD2-4714-881D-6D3904ED9168}.Debug|Any CPU.ActiveCfg = Debug|Any CPU
		{89E07435-4FD2-4714-881D-6D3904ED9168}.Debug|Any CPU.Build.0 = Debug|Any CPU
		{89E07435-4FD2-4714-881D-6D3904ED9168}.Release|Any CPU.ActiveCfg = Release|Any CPU
		{89E07435-4FD2-4714-881D-6D3904ED9168}.Release|Any CPU.Build.0 = Release|Any CPU
	EndGlobalSection
	GlobalSection(SolutionProperties) = preSolution
		HideSolutionNode = FALSE
	EndGlobalSection
	GlobalSection(ExtensibilityGlobals) = postSolution
		SolutionGuid = {79D2E2AD-36C8-4272-BAAC-87B2569A78AA}
	EndGlobalSection
EndGlobal
